// !$*UTF8*$!
{
	archiveVersion = 1;
	classes = {
	};
	objectVersion = 46;
	objects = {

/* Begin PBXBuildFile section */
		9B857A2E1C799AEA0004D44F /* ParallaxTableViewCell.swift in Sources */ = {isa = PBXBuildFile; fileRef = 9B857A2D1C799AEA0004D44F /* ParallaxTableViewCell.swift */; };
		9BEFD97B1C7988C70036F0CC /* AppDelegate.swift in Sources */ = {isa = PBXBuildFile; fileRef = 9BEFD97A1C7988C70036F0CC /* AppDelegate.swift */; };
		9BEFD97D1C7988C70036F0CC /* ViewController.swift in Sources */ = {isa = PBXBuildFile; fileRef = 9BEFD97C1C7988C70036F0CC /* ViewController.swift */; };
		9BEFD9801C7988C70036F0CC /* Main.storyboard in Resources */ = {isa = PBXBuildFile; fileRef = 9BEFD97E1C7988C70036F0CC /* Main.storyboard */; };
		9BEFD9821C7988C70036F0CC /* Assets.xcassets in Resources */ = {isa = PBXBuildFile; fileRef = 9BEFD9811C7988C70036F0CC /* Assets.xcassets */; };
		9BEFD9851C7988C70036F0CC /* LaunchScreen.storyboard in Resources */ = {isa = PBXBuildFile; fileRef = 9BEFD9831C7988C70036F0CC /* LaunchScreen.storyboard */; };
		9BEFD9901C7988C70036F0CC /* ParallaxTableViewTests.swift in Sources */ = {isa = PBXBuildFile; fileRef = 9BEFD98F1C7988C70036F0CC /* ParallaxTableViewTests.swift */; };
		9BEFD99B1C7988C70036F0CC /* ParallaxTableViewUITests.swift in Sources */ = {isa = PBXBuildFile; fileRef = 9BEFD99A1C7988C70036F0CC /* ParallaxTableViewUITests.swift */; };
/* End PBXBuildFile section */

/* Begin PBXContainerItemProxy section */
		9BEFD98C1C7988C70036F0CC /* PBXContainerItemProxy */ = {
			isa = PBXContainerItemProxy;
			containerPortal = 9BEFD96F1C7988C70036F0CC /* Project object */;
			proxyType = 1;
			remoteGlobalIDString = 9BEFD9761C7988C70036F0CC;
			remoteInfo = ParallaxTableView;
		};
		9BEFD9971C7988C70036F0CC /* PBXContainerItemProxy */ = {
			isa = PBXContainerItemProxy;
			containerPortal = 9BEFD96F1C7988C70036F0CC /* Project object */;
			proxyType = 1;
			remoteGlobalIDString = 9BEFD9761C7988C70036F0CC;
			remoteInfo = ParallaxTableView;
		};
/* End PBXContainerItemProxy section */

/* Begin PBXFileReference section */
		9B857A2D1C799AEA0004D44F /* ParallaxTableViewCell.swift */ = {isa = PBXFileReference; fileEncoding = 4; lastKnownFileType = sourcecode.swift; path = ParallaxTableViewCell.swift; sourceTree = "<group>"; };
		9BEFD9771C7988C70036F0CC /* ParallaxTableView.app */ = {isa = PBXFileReference; explicitFileType = wrapper.application; includeInIndex = 0; path = ParallaxTableView.app; sourceTree = BUILT_PRODUCTS_DIR; };
		9BEFD97A1C7988C70036F0CC /* AppDelegate.swift */ = {isa = PBXFileReference; lastKnownFileType = sourcecode.swift; path = AppDelegate.swift; sourceTree = "<group>"; };
		9BEFD97C1C7988C70036F0CC /* ViewController.swift */ = {isa = PBXFileReference; lastKnownFileType = sourcecode.swift; path = ViewController.swift; sourceTree = "<group>"; };
		9BEFD97F1C7988C70036F0CC /* Base */ = {isa = PBXFileReference; lastKnownFileType = file.storyboard; name = Base; path = Base.lproj/Main.storyboard; sourceTree = "<group>"; };
		9BEFD9811C7988C70036F0CC /* Assets.xcassets */ = {isa = PBXFileReference; lastKnownFileType = folder.assetcatalog; path = Assets.xcassets; sourceTree = "<group>"; };
		9BEFD9841C7988C70036F0CC /* Base */ = {isa = PBXFileReference; lastKnownFileType = file.storyboard; name = Base; path = Base.lproj/LaunchScreen.storyboard; sourceTree = "<group>"; };
		9BEFD9861C7988C70036F0CC /* Info.plist */ = {isa = PBXFileReference; lastKnownFileType = text.plist.xml; path = Info.plist; sourceTree = "<group>"; };
		9BEFD98B1C7988C70036F0CC /* ParallaxTableViewTests.xctest */ = {isa = PBXFileReference; explicitFileType = wrapper.cfbundle; includeInIndex = 0; path = ParallaxTableViewTests.xctest; sourceTree = BUILT_PRODUCTS_DIR; };
		9BEFD98F1C7988C70036F0CC /* ParallaxTableViewTests.swift */ = {isa = PBXFileReference; lastKnownFileType = sourcecode.swift; path = ParallaxTableViewTests.swift; sourceTree = "<group>"; };
		9BEFD9911C7988C70036F0CC /* Info.plist */ = {isa = PBXFileReference; lastKnownFileType = text.plist.xml; path = Info.plist; sourceTree = "<group>"; };
		9BEFD9961C7988C70036F0CC /* ParallaxTableViewUITests.xctest */ = {isa = PBXFileReference; explicitFileType = wrapper.cfbundle; includeInIndex = 0; path = ParallaxTableViewUITests.xctest; sourceTree = BUILT_PRODUCTS_DIR; };
		9BEFD99A1C7988C70036F0CC /* ParallaxTableViewUITests.swift */ = {isa = PBXFileReference; lastKnownFileType = sourcecode.swift; path = ParallaxTableViewUITests.swift; sourceTree = "<group>"; };
		9BEFD99C1C7988C70036F0CC /* Info.plist */ = {isa = PBXFileReference; lastKnownFileType = text.plist.xml; path = Info.plist; sourceTree = "<group>"; };
/* End PBXFileReference section */

/* Begin PBXFrameworksBuildPhase section */
		9BEFD9741C7988C70036F0CC /* Frameworks */ = {
			isa = PBXFrameworksBuildPhase;
			buildActionMask = 2147483647;
			files = (
			);
			runOnlyForDeploymentPostprocessing = 0;
		};
		9BEFD9881C7988C70036F0CC /* Frameworks */ = {
			isa = PBXFrameworksBuildPhase;
			buildActionMask = 2147483647;
			files = (
			);
			runOnlyForDeploymentPostprocessing = 0;
		};
		9BEFD9931C7988C70036F0CC /* Frameworks */ = {
			isa = PBXFrameworksBuildPhase;
			buildActionMask = 2147483647;
			files = (
			);
			runOnlyForDeploymentPostprocessing = 0;
		};
/* End PBXFrameworksBuildPhase section */

/* Begin PBXGroup section */
		9BEFD96E1C7988C70036F0CC = {
			isa = PBXGroup;
			children = (
				9BEFD9791C7988C70036F0CC /* ParallaxTableView */,
				9BEFD98E1C7988C70036F0CC /* ParallaxTableViewTests */,
				9BEFD9991C7988C70036F0CC /* ParallaxTableViewUITests */,
				9BEFD9781C7988C70036F0CC /* Products */,
			);
			sourceTree = "<group>";
		};
		9BEFD9781C7988C70036F0CC /* Products */ = {
			isa = PBXGroup;
			children = (
				9BEFD9771C7988C70036F0CC /* ParallaxTableView.app */,
				9BEFD98B1C7988C70036F0CC /* ParallaxTableViewTests.xctest */,
				9BEFD9961C7988C70036F0CC /* ParallaxTableViewUITests.xctest */,
			);
			name = Products;
			sourceTree = "<group>";
		};
		9BEFD9791C7988C70036F0CC /* ParallaxTableView */ = {
			isa = PBXGroup;
			children = (
				9BEFD97A1C7988C70036F0CC /* AppDelegate.swift */,
				9BEFD97C1C7988C70036F0CC /* ViewController.swift */,
				9B857A2D1C799AEA0004D44F /* ParallaxTableViewCell.swift */,
				9BEFD97E1C7988C70036F0CC /* Main.storyboard */,
				9BEFD9811C7988C70036F0CC /* Assets.xcassets */,
				9BEFD9831C7988C70036F0CC /* LaunchScreen.storyboard */,
				9BEFD9861C7988C70036F0CC /* Info.plist */,
			);
			path = ParallaxTableView;
			sourceTree = "<group>";
		};
		9BEFD98E1C7988C70036F0CC /* ParallaxTableViewTests */ = {
			isa = PBXGroup;
			children = (
				9BEFD98F1C7988C70036F0CC /* ParallaxTableViewTests.swift */,
				9BEFD9911C7988C70036F0CC /* Info.plist */,
			);
			path = ParallaxTableViewTests;
			sourceTree = "<group>";
		};
		9BEFD9991C7988C70036F0CC /* ParallaxTableViewUITests */ = {
			isa = PBXGroup;
			children = (
				9BEFD99A1C7988C70036F0CC /* ParallaxTableViewUITests.swift */,
				9BEFD99C1C7988C70036F0CC /* Info.plist */,
			);
			path = ParallaxTableViewUITests;
			sourceTree = "<group>";
		};
/* End PBXGroup section */

/* Begin PBXNativeTarget section */
		9BEFD9761C7988C70036F0CC /* ParallaxTableView */ = {
			isa = PBXNativeTarget;
			buildConfigurationList = 9BEFD99F1C7988C70036F0CC /* Build configuration list for PBXNativeTarget "ParallaxTableView" */;
			buildPhases = (
				9BEFD9731C7988C70036F0CC /* Sources */,
				9BEFD9741C7988C70036F0CC /* Frameworks */,
				9BEFD9751C7988C70036F0CC /* Resources */,
			);
			buildRules = (
			);
			dependencies = (
			);
			name = ParallaxTableView;
			productName = ParallaxTableView;
			productReference = 9BEFD9771C7988C70036F0CC /* ParallaxTableView.app */;
			productType = "com.apple.product-type.application";
		};
		9BEFD98A1C7988C70036F0CC /* ParallaxTableViewTests */ = {
			isa = PBXNativeTarget;
			buildConfigurationList = 9BEFD9A21C7988C70036F0CC /* Build configuration list for PBXNativeTarget "ParallaxTableViewTests" */;
			buildPhases = (
				9BEFD9871C7988C70036F0CC /* Sources */,
				9BEFD9881C7988C70036F0CC /* Frameworks */,
				9BEFD9891C7988C70036F0CC /* Resources */,
			);
			buildRules = (
			);
			dependencies = (
				9BEFD98D1C7988C70036F0CC /* PBXTargetDependency */,
			);
			name = ParallaxTableViewTests;
			productName = ParallaxTableViewTests;
			productReference = 9BEFD98B1C7988C70036F0CC /* ParallaxTableViewTests.xctest */;
			productType = "com.apple.product-type.bundle.unit-test";
		};
		9BEFD9951C7988C70036F0CC /* ParallaxTableViewUITests */ = {
			isa = PBXNativeTarget;
			buildConfigurationList = 9BEFD9A51C7988C70036F0CC /* Build configuration list for PBXNativeTarget "ParallaxTableViewUITests" */;
			buildPhases = (
				9BEFD9921C7988C70036F0CC /* Sources */,
				9BEFD9931C7988C70036F0CC /* Frameworks */,
				9BEFD9941C7988C70036F0CC /* Resources */,
			);
			buildRules = (
			);
			dependencies = (
				9BEFD9981C7988C70036F0CC /* PBXTargetDependency */,
			);
			name = ParallaxTableViewUITests;
			productName = ParallaxTableViewUITests;
			productReference = 9BEFD9961C7988C70036F0CC /* ParallaxTableViewUITests.xctest */;
			productType = "com.apple.product-type.bundle.ui-testing";
		};
/* End PBXNativeTarget section */

/* Begin PBXProject section */
		9BEFD96F1C7988C70036F0CC /* Project object */ = {
			isa = PBXProject;
			attributes = {
				LastSwiftUpdateCheck = 0720;
				LastUpgradeCheck = 0720;
				ORGANIZATIONNAME = "hongfei xie";
				TargetAttributes = {
					9BEFD9761C7988C70036F0CC = {
						CreatedOnToolsVersion = 7.2;
					};
					9BEFD98A1C7988C70036F0CC = {
						CreatedOnToolsVersion = 7.2;
						TestTargetID = 9BEFD9761C7988C70036F0CC;
					};
					9BEFD9951C7988C70036F0CC = {
						CreatedOnToolsVersion = 7.2;
						TestTargetID = 9BEFD9761C7988C70036F0CC;
					};
				};
			};
			buildConfigurationList = 9BEFD9721C7988C70036F0CC /* Build configuration list for PBXProject "ParallaxTableView" */;
			compatibilityVersion = "Xcode 3.2";
			developmentRegion = English;
			hasScannedForEncodings = 0;
			knownRegions = (
				en,
				Base,
			);
			mainGroup = 9BEFD96E1C7988C70036F0CC;
			productRefGroup = 9BEFD9781C7988C70036F0CC /* Products */;
			projectDirPath = "";
			projectRoot = "";
			targets = (
				9BEFD9761C7988C70036F0CC /* ParallaxTableView */,
				9BEFD98A1C7988C70036F0CC /* ParallaxTableViewTests */,
				9BEFD9951C7988C70036F0CC /* ParallaxTableViewUITests */,
			);
		};
/* End PBXProject section */

/* Begin PBXResourcesBuildPhase section */
		9BEFD9751C7988C70036F0CC /* Resources */ = {
			isa = PBXResourcesBuildPhase;
			buildActionMask = 2147483647;
			files = (
				9BEFD9851C7988C70036F0CC /* LaunchScreen.storyboard in Resources */,
				9BEFD9821C7988C70036F0CC /* Assets.xcassets in Resources */,
				9BEFD9801C7988C70036F0CC /* Main.storyboard in Resources */,
			);
			runOnlyForDeploymentPostprocessing = 0;
		};
		9BEFD9891C7988C70036F0CC /* Resources */ = {
			isa = PBXResourcesBuildPhase;
			buildActionMask = 2147483647;
			files = (
			);
			runOnlyForDeploymentPostprocessing = 0;
		};
		9BEFD9941C7988C70036F0CC /* Resources */ = {
			isa = PBXResourcesBuildPhase;
			buildActionMask = 2147483647;
			files = (
			);
			runOnlyForDeploymentPostprocessing = 0;
		};
/* End PBXResourcesBuildPhase section */

/* Begin PBXSourcesBuildPhase section */
		9BEFD9731C7988C70036F0CC /* Sources */ = {
			isa = PBXSourcesBuildPhase;
			buildActionMask = 2147483647;
			files = (
				9BEFD97D1C7988C70036F0CC /* ViewController.swift in Sources */,
				9BEFD97B1C7988C70036F0CC /* AppDelegate.swift in Sources */,
				9B857A2E1C799AEA0004D44F /* ParallaxTableViewCell.swift in Sources */,
			);
			runOnlyForDeploymentPostprocessing = 0;
		};
		9BEFD9871C7988C70036F0CC /* Sources */ = {
			isa = PBXSourcesBuildPhase;
			buildActionMask = 2147483647;
			files = (
				9BEFD9901C7988C70036F0CC /* ParallaxTableViewTests.swift in Sources */,
			);
			runOnlyForDeploymentPostprocessing = 0;
		};
		9BEFD9921C7988C70036F0CC /* Sources */ = {
			isa = PBXSourcesBuildPhase;
			buildActionMask = 2147483647;
			files = (
				9BEFD99B1C7988C70036F0CC /* ParallaxTableViewUITests.swift in Sources */,
			);
			runOnlyForDeploymentPostprocessing = 0;
		};
/* End PBXSourcesBuildPhase section */

/* Begin PBXTargetDependency section */
		9BEFD98D1C7988C70036F0CC /* PBXTargetDependency */ = {
			isa = PBXTargetDependency;
			target = 9BEFD9761C7988C70036F0CC /* ParallaxTableView */;
			targetProxy = 9BEFD98C1C7988C70036F0CC /* PBXContainerItemProxy */;
		};
		9BEFD9981C7988C70036F0CC /* PBXTargetDependency */ = {
			isa = PBXTargetDependency;
			target = 9BEFD9761C7988C70036F0CC /* ParallaxTableView */;
			targetProxy = 9BEFD9971C7988C70036F0CC /* PBXContainerItemProxy */;
		};
/* End PBXTargetDependency section */

/* Begin PBXVariantGroup section */
		9BEFD97E1C7988C70036F0CC /* Main.storyboard */ = {
			isa = PBXVariantGroup;
			children = (
				9BEFD97F1C7988C70036F0CC /* Base */,
			);
			name = Main.storyboard;
			sourceTree = "<group>";
		};
		9BEFD9831C7988C70036F0CC /* LaunchScreen.storyboard */ = {
			isa = PBXVariantGroup;
			children = (
				9BEFD9841C7988C70036F0CC /* Base */,
			);
			name = LaunchScreen.storyboard;
			sourceTree = "<group>";
		};
/* End PBXVariantGroup section */

/* Begin XCBuildConfiguration section */
		9BEFD99D1C7988C70036F0CC /* Debug */ = {
			isa = XCBuildConfiguration;
			buildSettings = {
				ALWAYS_SEARCH_USER_PATHS = NO;
				CLANG_CXX_LANGUAGE_STANDARD = "gnu++0x";
				CLANG_CXX_LIBRARY = "libc++";
				CLANG_ENABLE_MODULES = YES;
				CLANG_ENABLE_OBJC_ARC = YES;
				CLANG_WARN_BOOL_CONVERSION = YES;
				CLANG_WARN_CONSTANT_CONVERSION = YES;
				CLANG_WARN_DIRECT_OBJC_ISA_USAGE = YES_ERROR;
				CLANG_WARN_EMPTY_BODY = YES;
				CLANG_WARN_ENUM_CONVERSION = YES;
				CLANG_WARN_INT_CONVERSION = YES;
				CLANG_WARN_OBJC_ROOT_CLASS = YES_ERROR;
				CLANG_WARN_UNREACHABLE_CODE = YES;
				CLANG_WARN__DUPLICATE_METHOD_MATCH = YES;
				"CODE_SIGN_IDENTITY[sdk=iphoneos*]" = "iPhone Developer";
				COPY_PHASE_STRIP = NO;
				DEBUG_INFORMATION_FORMAT = dwarf;
				ENABLE_STRICT_OBJC_MSGSEND = YES;
				ENABLE_TESTABILITY = YES;
				GCC_C_LANGUAGE_STANDARD = gnu99;
				GCC_DYNAMIC_NO_PIC = NO;
				GCC_NO_COMMON_BLOCKS = YES;
				GCC_OPTIMIZATION_LEVEL = 0;
				GCC_PREPROCESSOR_DEFINITIONS = (
					"DEBUG=1",
					"$(inherited)",
				);
				GCC_WARN_64_TO_32_BIT_CONVERSION = YES;
				GCC_WARN_ABOUT_RETURN_TYPE = YES_ERROR;
				GCC_WARN_UNDECLARED_SELECTOR = YES;
				GCC_WARN_UNINITIALIZED_AUTOS = YES_AGGRESSIVE;
				GCC_WARN_UNUSED_FUNCTION = YES;
				GCC_WARN_UNUSED_VARIABLE = YES;
				IPHONEOS_DEPLOYMENT_TARGET = 9.2;
				MTL_ENABLE_DEBUG_INFO = YES;
				ONLY_ACTIVE_ARCH = YES;
				SDKROOT = iphoneos;
				SWIFT_OPTIMIZATION_LEVEL = "-Onone";
			};
			name = Debug;
		};
		9BEFD99E1C7988C70036F0CC /* Release */ = {
			isa = XCBuildConfiguration;
			buildSettings = {
				ALWAYS_SEARCH_USER_PATHS = NO;
				CLANG_CXX_LANGUAGE_STANDARD = "gnu++0x";
				CLANG_CXX_LIBRARY = "libc++";
				CLANG_ENABLE_MODULES = YES;
				CLANG_ENABLE_OBJC_ARC = YES;
				CLANG_WARN_BOOL_CONVERSION = YES;
				CLANG_WARN_CONSTANT_CONVERSION = YES;
				CLANG_WARN_DIRECT_OBJC_ISA_USAGE = YES_ERROR;
				CLANG_WARN_EMPTY_BODY = YES;
				CLANG_WARN_ENUM_CONVERSION = YES;
				CLANG_WARN_INT_CONVERSION = YES;
				CLANG_WARN_OBJC_ROOT_CLASS = YES_ERROR;
				CLANG_WARN_UNREACHABLE_CODE = YES;
				CLANG_WARN__DUPLICATE_METHOD_MATCH = YES;
				"CODE_SIGN_IDENTITY[sdk=iphoneos*]" = "iPhone Developer";
				COPY_PHASE_STRIP = NO;
				DEBUG_INFORMATION_FORMAT = "dwarf-with-dsym";
				ENABLE_NS_ASSERTIONS = NO;
				ENABLE_STRICT_OBJC_MSGSEND = YES;
				GCC_C_LANGUAGE_STANDARD = gnu99;
				GCC_NO_COMMON_BLOCKS = YES;
				GCC_WARN_64_TO_32_BIT_CONVERSION = YES;
				GCC_WARN_ABOUT_RETURN_TYPE = YES_ERROR;
				GCC_WARN_UNDECLARED_SELECTOR = YES;
				GCC_WARN_UNINITIALIZED_AUTOS = YES_AGGRESSIVE;
				GCC_WARN_UNUSED_FUNCTION = YES;
				GCC_WARN_UNUSED_VARIABLE = YES;
				IPHONEOS_DEPLOYMENT_TARGET = 9.2;
				MTL_ENABLE_DEBUG_INFO = NO;
				SDKROOT = iphoneos;
				VALIDATE_PRODUCT = YES;
			};
			name = Release;
		};
		9BEFD9A01C7988C70036F0CC /* Debug */ = {
			isa = XCBuildConfiguration;
			buildSettings = {
				ASSETCATALOG_COMPILER_APPICON_NAME = AppIcon;
				INFOPLIST_FILE = ParallaxTableView/Info.plist;
				LD_RUNPATH_SEARCH_PATHS = "$(inherited) @executable_path/Frameworks";
				PRODUCT_BUNDLE_IDENTIFIER = feifei.ParallaxTableView;
				PRODUCT_NAME = "$(TARGET_NAME)";
			};
			name = Debug;
		};
		9BEFD9A11C7988C70036F0CC /* Release */ = {
			isa = XCBuildConfiguration;
			buildSettings = {
				ASSETCATALOG_COMPILER_APPICON_NAME = AppIcon;
				INFOPLIST_FILE = ParallaxTableView/Info.plist;
				LD_RUNPATH_SEARCH_PATHS = "$(inherited) @executable_path/Frameworks";
				PRODUCT_BUNDLE_IDENTIFIER = feifei.ParallaxTableView;
				PRODUCT_NAME = "$(TARGET_NAME)";
			};
			name = Release;
		};
		9BEFD9A31C7988C70036F0CC /* Debug */ = {
			isa = XCBuildConfiguration;
			buildSettings = {
				BUNDLE_LOADER = "$(TEST_HOST)";
				INFOPLIST_FILE = ParallaxTableViewTests/Info.plist;
				LD_RUNPATH_SEARCH_PATHS = "$(inherited) @executable_path/Frameworks @loader_path/Frameworks";
				PRODUCT_BUNDLE_IDENTIFIER = feifei.ParallaxTableViewTests;
				PRODUCT_NAME = "$(TARGET_NAME)";
				TEST_HOST = "$(BUILT_PRODUCTS_DIR)/ParallaxTableView.app/ParallaxTableView";
			};
			name = Debug;
		};
		9BEFD9A41C7988C70036F0CC /* Release */ = {
			isa = XCBuildConfiguration;
			buildSettings = {
				BUNDLE_LOADER = "$(TEST_HOST)";
				INFOPLIST_FILE = ParallaxTableViewTests/Info.plist;
				LD_RUNPATH_SEARCH_PATHS = "$(inherited) @executable_path/Frameworks @loader_path/Frameworks";
				PRODUCT_BUNDLE_IDENTIFIER = feifei.ParallaxTableViewTests;
				PRODUCT_NAME = "$(TARGET_NAME)";
				TEST_HOST = "$(BUILT_PRODUCTS_DIR)/ParallaxTableView.app/ParallaxTableView";
			};
			name = Release;
		};
		9BEFD9A61C7988C70036F0CC /* Debug */ = {
			isa = XCBuildConfiguration;
			buildSettings = {
				INFOPLIST_FILE = ParallaxTableViewUITests/Info.plist;
				LD_RUNPATH_SEARCH_PATHS = "$(inherited) @executable_path/Frameworks @loader_path/Frameworks";
				PRODUCT_BUNDLE_IDENTIFIER = feifei.ParallaxTableViewUITests;
				PRODUCT_NAME = "$(TARGET_NAME)";
				TEST_TARGET_NAME = ParallaxTableView;
				USES_XCTRUNNER = YES;
			};
			name = Debug;
		};
		9BEFD9A71C7988C70036F0CC /* Release */ = {
			isa = XCBuildConfiguration;
			buildSettings = {
				INFOPLIST_FILE = ParallaxTableViewUITests/Info.plist;
				LD_RUNPATH_SEARCH_PATHS = "$(inherited) @executable_path/Frameworks @loader_path/Frameworks";
				PRODUCT_BUNDLE_IDENTIFIER = feifei.ParallaxTableViewUITests;
				PRODUCT_NAME = "$(TARGET_NAME)";
				TEST_TARGET_NAME = ParallaxTableView;
				USES_XCTRUNNER = YES;
			};
			name = Release;
		};
/* End XCBuildConfiguration section */

/* Begin XCConfigurationList section */
		9BEFD9721C7988C70036F0CC /* Build configuration list for PBXProject "ParallaxTableView" */ = {
			isa = XCConfigurationList;
			buildConfigurations = (
				9BEFD99D1C7988C70036F0CC /* Debug */,
				9BEFD99E1C7988C70036F0CC /* Release */,
			);
			defaultConfigurationIsVisible = 0;
			defaultConfigurationName = Release;
		};
		9BEFD99F1C7988C70036F0CC /* Build configuration list for PBXNativeTarget "ParallaxTableView" */ = {
			isa = XCConfigurationList;
			buildConfigurations = (
				9BEFD9A01C7988C70036F0CC /* Debug */,
				9BEFD9A11C7988C70036F0CC /* Release */,
			);
			defaultConfigurationIsVisible = 0;
			defaultConfigurationName = Release;
		};
		9BEFD9A21C7988C70036F0CC /* Build configuration list for PBXNativeTarget "ParallaxTableViewTests" */ = {
			isa = XCConfigurationList;
			buildConfigurations = (
				9BEFD9A31C7988C70036F0CC /* Debug */,
				9BEFD9A41C7988C70036F0CC /* Release */,
			);
			defaultConfigurationIsVisible = 0;
			defaultConfigurationName = Release;
		};
		9BEFD9A51C7988C70036F0CC /* Build configuration list for PBXNativeTarget "ParallaxTableViewUITests" */ = {
			isa = XCConfigurationList;
			buildConfigurations = (
				9BEFD9A61C7988C70036F0CC /* Debug */,
				9BEFD9A71C7988C70036F0CC /* Release */,
			);
			defaultConfigurationIsVisible = 0;
			defaultConfigurationName = Release;
		};
/* End XCConfigurationList section */
	};
	rootObject = 9BEFD96F1C7988C70036F0CC /* Project object */;
}
